{
  "name": "sign-bridge-poc",
  "lockfileVersion": 2,
  "requires": true,
  "packages": {
    "": {
      "name": "sign-bridge-poc",
      "version": "0.1.0",
      "dependencies": {
        "react": "^18.2.0",
        "react-dom": "^18.2.0",
        "three": "^0.160.0",
        "@react-three/fiber": "^8.15.12",
        "@react-three/drei": "^9.88.13"
      },
      "devDependencies": {
        "@vitejs/plugin-react": "^4.0.0",
        "vite": "^5.0.0"
      }
    }
  },
  "dependencies": {
    "react": {
      "version": "18.2.0",
      "resolved": "https://registry.npmjs.org/react/-/react-18.2.0.tgz",
      "integrity": "sha512-0vGqkLQe2t/7Z+/xILk1j5zgyuZ6jLqPyecLJm1gNQ0QQ15kp5Jt4V9v8BbXmsX7wDzzq/0wev6CDq1lT+6A=="
    },
    "react-dom": {
      "version": "18.2.0",
      "resolved": "https://registry.npmjs.org/react-dom/-/react-dom-18.2.0.tgz",
      "integrity": "sha512-9q3tE3K4lcnjl5bNQl8/yVtwz3SVp8wTJ3Tf2Xo0iJ3lvxY5CVLQmN6TnP2Sax2jgxAqNRlwGbDcVAA0/FOUbg==",
      "dependencies": {
        "react": "^18.2.0"
      }
    },
    "three": {
      "version": "0.160.0",
      "resolved": "https://registry.npmjs.org/three/-/three-0.160.0.tgz",
      "integrity": "sha512-KFm6vVgYtVzE55X+6GgUoBRCvQqlbVZl3rfJG5uD0mHk6XdMx5Nz92EMLscXQ3QPL7Z0+bJZKISvbl51zzCeWg=="
    },
    "@react-three/fiber": {
      "version": "8.15.12",
      "resolved": "https://registry.npmjs.org/@react-three/fiber/-/fiber-8.15.12.tgz",
      "integrity": "sha512-LpSnlA+Y9sQ5xF0v3p9uC7hM/3bTcUzUra7jZ4GjIvw0x/6eCwQ9cXvmpJf4v2Bph9PTA7dKfoOlf2F1ldq1qg==",
      "dependencies": {
        "react": "^18.0.0"
      }
    },
    "@react-three/drei": {
      "version": "9.88.13",
      "resolved": "https://registry.npmjs.org/@react-three/drei/-/drei-9.88.13.tgz",
      "integrity": "sha512-KxR0qRcrn7xME+0F0JgW6pXlFm2VLqvQWkO4Xbn8hHnkN+NlxUrVJc62sB+sNnYKz1dQzLWxZjDbV8ckm1F5Bg==",
      "dependencies": {
        "three": "^0.160.0",
        "react": "^18.0.0"
      }
    }
  }
}
